
Microsoft Visual Studio Solution File, Format Version 12.00
# Visual Studio Version 17
VisualStudioVersion = 17.5.002.0
MinimumVisualStudioVersion = 10.0.40219.1
Project("{9A19103F-16F7-4668-BE54-9A1E7A4F7556}") = "Conning.GraphQL.Tests", "Conning.GraphQL.Tests\Conning.GraphQL.Tests.csproj", "{A22D445A-9178-46D4-A9A1-938B359231F6}"
EndProject
Project("{9A19103F-16F7-4668-BE54-9A1E7A4F7556}") = "utility", "utility\utility.csproj", "{243E376C-19B0-4AF2-95BB-5F04038CC8D9}"
EndProject
Project("{9A19103F-16F7-4668-BE54-9A1E7A4F7556}") = "veracode", "Veracode\veracode.csproj", "{9966B340-50F0-4A9E-81FA-3DBBD4EDD886}"
EndProject
Project("{9A19103F-16F7-4668-BE54-9A1E7A4F7556}") = "web-api", "web-api\web-api.csproj", "{70BB1618-1093-4AE3-A15B-488F1FCC01A9}"
EndProject
Project("{2150E333-8FDC-42A3-9474-1A3956D46DE8}") = "libs", "libs", "{13B71A74-63DD-4C36-B09D-94EE002310BC}"
EndProject
Project("{9A19103F-16F7-4668-BE54-9A1E7A4F7556}") = "advise-api", "libs\advise-api\advise-api.csproj", "{EF9DBCE1-6739-44BF-AEBC-C18155222B1A}"
EndProject
Project("{9A19103F-16F7-4668-BE54-9A1E7A4F7556}") = "Conning.AWS", "libs\Conning.AWS\Conning.AWS.csproj", "{6D00D8C2-0CAE-4DE9-88E2-349B47335290}"
EndProject
Project("{9A19103F-16F7-4668-BE54-9A1E7A4F7556}") = "Conning.Common", "libs\Conning.Common\Conning.Common.csproj", "{88366421-FF51-4EE3-AC32-59164566BB31}"
EndProject
Project("{9A19103F-16F7-4668-BE54-9A1E7A4F7556}") = "Conning.Db", "libs\Conning.Db\Conning.Db.csproj", "{830A0C3D-8384-4F4B-998C-6131F7A53359}"
EndProject
Project("{9A19103F-16F7-4668-BE54-9A1E7A4F7556}") = "Conning.GraphQL", "libs\Conning.GraphQL\Conning.GraphQL.csproj", "{08864144-15CC-46A5-8F3C-A4DDB367DAF3}"
EndProject
Project("{9A19103F-16F7-4668-BE54-9A1E7A4F7556}") = "Conning.Models", "libs\Conning.Models\Conning.Models.csproj", "{74A75920-E8D4-4D38-BE22-321C0BA7ECC8}"
EndProject
Project("{2150E333-8FDC-42A3-9474-1A3956D46DE8}") = "graphql-dotnet", "graphql-dotnet", "{71BD5C66-1732-44BC-954C-C933CEEFA526}"
EndProject
Project("{9A19103F-16F7-4668-BE54-9A1E7A4F7556}") = "docs", "libs\graphql-dotnet\docs\docs.csproj", "{8862103C-9DE7-4814-A9E3-673F9EA19948}"
EndProject
Project("{2150E333-8FDC-42A3-9474-1A3956D46DE8}") = "src", "src", "{4495142B-6817-453A-8BB7-1E6B12BE28D1}"
EndProject
Project("{9A19103F-16F7-4668-BE54-9A1E7A4F7556}") = "GraphQL", "libs\graphql-dotnet\src\GraphQL\GraphQL.csproj", "{4ADECE6D-CF6C-4C5E-8653-32607C206F12}"
EndProject
Project("{9A19103F-16F7-4668-BE54-9A1E7A4F7556}") = "GraphQL.DataLoader.Tests", "libs\graphql-dotnet\src\GraphQL.DataLoader.Tests\GraphQL.DataLoader.Tests.csproj", "{703464A6-6175-40D5-A2B3-C2E02F402D8D}"
EndProject
Project("{9A19103F-16F7-4668-BE54-9A1E7A4F7556}") = "GraphQL.Harness", "libs\graphql-dotnet\src\GraphQL.Harness\GraphQL.Harness.csproj", "{38081C52-4DD4-4CCB-8AB3-943E7BEF63A1}"
EndProject
Project("{9A19103F-16F7-4668-BE54-9A1E7A4F7556}") = "GraphQL.Harness.Tests", "libs\graphql-dotnet\src\GraphQL.Harness.Tests\GraphQL.Harness.Tests.csproj", "{FA098ED9-4853-4B85-8C7C-37AE67B1C0EB}"
EndProject
Project("{9A19103F-16F7-4668-BE54-9A1E7A4F7556}") = "GraphQL.StarWars", "libs\graphql-dotnet\src\GraphQL.StarWars\GraphQL.StarWars.csproj", "{CF679DD6-51B6-44DD-9F89-79F9DEF37B88}"
EndProject
Project("{9A19103F-16F7-4668-BE54-9A1E7A4F7556}") = "GraphQL.Tests", "libs\graphql-dotnet\src\GraphQL.Tests\GraphQL.Tests.csproj", "{2188A890-934D-4DC8-AE5F-33EFBAAC738B}"
EndProject
Project("{2150E333-8FDC-42A3-9474-1A3956D46DE8}") = "graphql-dotnet-server", "graphql-dotnet-server", "{644BE7A5-9375-4895-B4AB-1141D2C951D5}"
EndProject
Project("{2150E333-8FDC-42A3-9474-1A3956D46DE8}") = "samples", "samples", "{D8E8EF70-3B48-4269-8693-66EBEFFD6EB8}"
EndProject
Project("{9A19103F-16F7-4668-BE54-9A1E7A4F7556}") = "Samples.Schemas.Chat", "libs\graphql-dotnet-server\samples\Samples.Schemas.Chat\Samples.Schemas.Chat.csproj", "{A90FACC1-86B9-4D26-A6D0-159ADA2A0150}"
EndProject
Project("{9A19103F-16F7-4668-BE54-9A1E7A4F7556}") = "Samples.Server", "libs\graphql-dotnet-server\samples\Samples.Server\Samples.Server.csproj", "{2FBC3276-E783-4174-BAFB-3A6A92885ECF}"
EndProject
Project("{2150E333-8FDC-42A3-9474-1A3956D46DE8}") = "src", "src", "{D1C616F9-3AD2-43C9-97A3-B4B71AB235D5}"
EndProject
Project("{9A19103F-16F7-4668-BE54-9A1E7A4F7556}") = "Transports.AspNetCore", "libs\graphql-dotnet-server\src\Transports.AspNetCore\Transports.AspNetCore.csproj", "{DBFF3817-13BC-49A9-958A-D691AC3B17DA}"
EndProject
Project("{9A19103F-16F7-4668-BE54-9A1E7A4F7556}") = "Transports.Subscriptions.Abstractions", "libs\graphql-dotnet-server\src\Transports.Subscriptions.Abstractions\Transports.Subscriptions.Abstractions.csproj", "{93D52B0E-6E3B-4E8E-8252-61A8E9BF033C}"
EndProject
Project("{9A19103F-16F7-4668-BE54-9A1E7A4F7556}") = "Transports.Subscriptions.WebSockets", "libs\graphql-dotnet-server\src\Transports.Subscriptions.WebSockets\Transports.Subscriptions.WebSockets.csproj", "{281A4FC6-CFC3-4166-8AE4-FA86D55EFCE8}"
EndProject
Project("{9A19103F-16F7-4668-BE54-9A1E7A4F7556}") = "Ui.GraphiQL", "libs\graphql-dotnet-server\src\Ui.GraphiQL\Ui.GraphiQL.csproj", "{5011593D-6CBB-4230-B2B8-1F872BBF32E2}"
EndProject
Project("{9A19103F-16F7-4668-BE54-9A1E7A4F7556}") = "Ui.Playground", "libs\graphql-dotnet-server\src\Ui.Playground\Ui.Playground.csproj", "{3A0AB4C1-CAE7-406F-9978-4C847CDE9B5E}"
EndProject
Project("{9A19103F-16F7-4668-BE54-9A1E7A4F7556}") = "Ui.Voyager", "libs\graphql-dotnet-server\src\Ui.Voyager\Ui.Voyager.csproj", "{27A1B0FA-C5EF-496D-AD86-E59892155C73}"
EndProject
Project("{2150E333-8FDC-42A3-9474-1A3956D46DE8}") = "tests", "tests", "{9D91D478-FD63-4680-B3BB-37EDD6ABFFFD}"
EndProject
Project("{9A19103F-16F7-4668-BE54-9A1E7A4F7556}") = "Transports.Subscriptions.Abstractions.Tests", "libs\graphql-dotnet-server\tests\Transports.Subscriptions.Abstractions.Tests\Transports.Subscriptions.Abstractions.Tests.csproj", "{AD72C06F-E473-4FC7-8547-B136B3522C8C}"
EndProject
Project("{9A19103F-16F7-4668-BE54-9A1E7A4F7556}") = "Transports.Subscriptions.WebSockets.Tests", "libs\graphql-dotnet-server\tests\Transports.Subscriptions.WebSockets.Tests\Transports.Subscriptions.WebSockets.Tests.csproj", "{1F492251-C7AE-4165-9774-A2D9F9B1FF56}"
EndProject
Global
	GlobalSection(SolutionConfigurationPlatforms) = preSolution
		Debug|Any CPU = Debug|Any CPU
		Release|Any CPU = Release|Any CPU
	EndGlobalSection
	GlobalSection(ProjectConfigurationPlatforms) = postSolution
		{A22D445A-9178-46D4-A9A1-938B359231F6}.Debug|Any CPU.ActiveCfg = Debug|Any CPU
		{A22D445A-9178-46D4-A9A1-938B359231F6}.Debug|Any CPU.Build.0 = Debug|Any CPU
		{A22D445A-9178-46D4-A9A1-938B359231F6}.Release|Any CPU.ActiveCfg = Release|Any CPU
		{A22D445A-9178-46D4-A9A1-938B359231F6}.Release|Any CPU.Build.0 = Release|Any CPU
		{243E376C-19B0-4AF2-95BB-5F04038CC8D9}.Debug|Any CPU.ActiveCfg = Debug|Any CPU
		{243E376C-19B0-4AF2-95BB-5F04038CC8D9}.Debug|Any CPU.Build.0 = Debug|Any CPU
		{243E376C-19B0-4AF2-95BB-5F04038CC8D9}.Release|Any CPU.ActiveCfg = Release|Any CPU
		{243E376C-19B0-4AF2-95BB-5F04038CC8D9}.Release|Any CPU.Build.0 = Release|Any CPU
		{9966B340-50F0-4A9E-81FA-3DBBD4EDD886}.Debug|Any CPU.ActiveCfg = Debug|Any CPU
		{9966B340-50F0-4A9E-81FA-3DBBD4EDD886}.Debug|Any CPU.Build.0 = Debug|Any CPU
		{9966B340-50F0-4A9E-81FA-3DBBD4EDD886}.Release|Any CPU.ActiveCfg = Release|Any CPU
		{9966B340-50F0-4A9E-81FA-3DBBD4EDD886}.Release|Any CPU.Build.0 = Release|Any CPU
		{70BB1618-1093-4AE3-A15B-488F1FCC01A9}.Debug|Any CPU.ActiveCfg = Debug|Any CPU
		{70BB1618-1093-4AE3-A15B-488F1FCC01A9}.Debug|Any CPU.Build.0 = Debug|Any CPU
		{70BB1618-1093-4AE3-A15B-488F1FCC01A9}.Release|Any CPU.ActiveCfg = Release|Any CPU
		{70BB1618-1093-4AE3-A15B-488F1FCC01A9}.Release|Any CPU.Build.0 = Release|Any CPU
		{EF9DBCE1-6739-44BF-AEBC-C18155222B1A}.Debug|Any CPU.ActiveCfg = Debug|Any CPU
		{EF9DBCE1-6739-44BF-AEBC-C18155222B1A}.Debug|Any CPU.Build.0 = Debug|Any CPU
		{EF9DBCE1-6739-44BF-AEBC-C18155222B1A}.Release|Any CPU.ActiveCfg = Release|Any CPU
		{EF9DBCE1-6739-44BF-AEBC-C18155222B1A}.Release|Any CPU.Build.0 = Release|Any CPU
		{6D00D8C2-0CAE-4DE9-88E2-349B47335290}.Debug|Any CPU.ActiveCfg = Debug|Any CPU
		{6D00D8C2-0CAE-4DE9-88E2-349B47335290}.Debug|Any CPU.Build.0 = Debug|Any CPU
		{6D00D8C2-0CAE-4DE9-88E2-349B47335290}.Release|Any CPU.ActiveCfg = Release|Any CPU
		{6D00D8C2-0CAE-4DE9-88E2-349B47335290}.Release|Any CPU.Build.0 = Release|Any CPU
		{88366421-FF51-4EE3-AC32-59164566BB31}.Debug|Any CPU.ActiveCfg = Debug|Any CPU
		{88366421-FF51-4EE3-AC32-59164566BB31}.Debug|Any CPU.Build.0 = Debug|Any CPU
		{88366421-FF51-4EE3-AC32-59164566BB31}.Release|Any CPU.ActiveCfg = Release|Any CPU
		{88366421-FF51-4EE3-AC32-59164566BB31}.Release|Any CPU.Build.0 = Release|Any CPU
		{830A0C3D-8384-4F4B-998C-6131F7A53359}.Debug|Any CPU.ActiveCfg = Debug|Any CPU
		{830A0C3D-8384-4F4B-998C-6131F7A53359}.Debug|Any CPU.Build.0 = Debug|Any CPU
		{830A0C3D-8384-4F4B-998C-6131F7A53359}.Release|Any CPU.ActiveCfg = Release|Any CPU
		{830A0C3D-8384-4F4B-998C-6131F7A53359}.Release|Any CPU.Build.0 = Release|Any CPU
		{08864144-15CC-46A5-8F3C-A4DDB367DAF3}.Debug|Any CPU.ActiveCfg = Debug|Any CPU
		{08864144-15CC-46A5-8F3C-A4DDB367DAF3}.Debug|Any CPU.Build.0 = Debug|Any CPU
		{08864144-15CC-46A5-8F3C-A4DDB367DAF3}.Release|Any CPU.ActiveCfg = Release|Any CPU
		{08864144-15CC-46A5-8F3C-A4DDB367DAF3}.Release|Any CPU.Build.0 = Release|Any CPU
		{74A75920-E8D4-4D38-BE22-321C0BA7ECC8}.Debug|Any CPU.ActiveCfg = Debug|Any CPU
		{74A75920-E8D4-4D38-BE22-321C0BA7ECC8}.Debug|Any CPU.Build.0 = Debug|Any CPU
		{74A75920-E8D4-4D38-BE22-321C0BA7ECC8}.Release|Any CPU.ActiveCfg = Release|Any CPU
		{74A75920-E8D4-4D38-BE22-321C0BA7ECC8}.Release|Any CPU.Build.0 = Release|Any CPU
		{8862103C-9DE7-4814-A9E3-673F9EA19948}.Debug|Any CPU.ActiveCfg = Debug|Any CPU
		{8862103C-9DE7-4814-A9E3-673F9EA19948}.Debug|Any CPU.Build.0 = Debug|Any CPU
		{8862103C-9DE7-4814-A9E3-673F9EA19948}.Release|Any CPU.ActiveCfg = Release|Any CPU
		{8862103C-9DE7-4814-A9E3-673F9EA19948}.Release|Any CPU.Build.0 = Release|Any CPU
		{4ADECE6D-CF6C-4C5E-8653-32607C206F12}.Debug|Any CPU.ActiveCfg = Debug|Any CPU
		{4ADECE6D-CF6C-4C5E-8653-32607C206F12}.Debug|Any CPU.Build.0 = Debug|Any CPU
		{4ADECE6D-CF6C-4C5E-8653-32607C206F12}.Release|Any CPU.ActiveCfg = Release|Any CPU
		{4ADECE6D-CF6C-4C5E-8653-32607C206F12}.Release|Any CPU.Build.0 = Release|Any CPU
		{703464A6-6175-40D5-A2B3-C2E02F402D8D}.Debug|Any CPU.ActiveCfg = Debug|Any CPU
		{703464A6-6175-40D5-A2B3-C2E02F402D8D}.Debug|Any CPU.Build.0 = Debug|Any CPU
		{703464A6-6175-40D5-A2B3-C2E02F402D8D}.Release|Any CPU.ActiveCfg = Release|Any CPU
		{703464A6-6175-40D5-A2B3-C2E02F402D8D}.Release|Any CPU.Build.0 = Release|Any CPU
		{38081C52-4DD4-4CCB-8AB3-943E7BEF63A1}.Debug|Any CPU.ActiveCfg = Debug|Any CPU
		{38081C52-4DD4-4CCB-8AB3-943E7BEF63A1}.Debug|Any CPU.Build.0 = Debug|Any CPU
		{38081C52-4DD4-4CCB-8AB3-943E7BEF63A1}.Release|Any CPU.ActiveCfg = Release|Any CPU
		{38081C52-4DD4-4CCB-8AB3-943E7BEF63A1}.Release|Any CPU.Build.0 = Release|Any CPU
		{FA098ED9-4853-4B85-8C7C-37AE67B1C0EB}.Debug|Any CPU.ActiveCfg = Debug|Any CPU
		{FA098ED9-4853-4B85-8C7C-37AE67B1C0EB}.Debug|Any CPU.Build.0 = Debug|Any CPU
		{FA098ED9-4853-4B85-8C7C-37AE67B1C0EB}.Release|Any CPU.ActiveCfg = Release|Any CPU
		{FA098ED9-4853-4B85-8C7C-37AE67B1C0EB}.Release|Any CPU.Build.0 = Release|Any CPU
		{CF679DD6-51B6-44DD-9F89-79F9DEF37B88}.Debug|Any CPU.ActiveCfg = Debug|Any CPU
		{CF679DD6-51B6-44DD-9F89-79F9DEF37B88}.Debug|Any CPU.Build.0 = Debug|Any CPU
		{CF679DD6-51B6-44DD-9F89-79F9DEF37B88}.Release|Any CPU.ActiveCfg = Release|Any CPU
		{CF679DD6-51B6-44DD-9F89-79F9DEF37B88}.Release|Any CPU.Build.0 = Release|Any CPU
		{2188A890-934D-4DC8-AE5F-33EFBAAC738B}.Debug|Any CPU.ActiveCfg = Debug|Any CPU
		{2188A890-934D-4DC8-AE5F-33EFBAAC738B}.Debug|Any CPU.Build.0 = Debug|Any CPU
		{2188A890-934D-4DC8-AE5F-33EFBAAC738B}.Release|Any CPU.ActiveCfg = Release|Any CPU
		{2188A890-934D-4DC8-AE5F-33EFBAAC738B}.Release|Any CPU.Build.0 = Release|Any CPU
		{A90FACC1-86B9-4D26-A6D0-159ADA2A0150}.Debug|Any CPU.ActiveCfg = Debug|Any CPU
		{A90FACC1-86B9-4D26-A6D0-159ADA2A0150}.Debug|Any CPU.Build.0 = Debug|Any CPU
		{A90FACC1-86B9-4D26-A6D0-159ADA2A0150}.Release|Any CPU.ActiveCfg = Release|Any CPU
		{A90FACC1-86B9-4D26-A6D0-159ADA2A0150}.Release|Any CPU.Build.0 = Release|Any CPU
		{2FBC3276-E783-4174-BAFB-3A6A92885ECF}.Debug|Any CPU.ActiveCfg = Debug|Any CPU
		{2FBC3276-E783-4174-BAFB-3A6A92885ECF}.Debug|Any CPU.Build.0 = Debug|Any CPU
		{2FBC3276-E783-4174-BAFB-3A6A92885ECF}.Release|Any CPU.ActiveCfg = Release|Any CPU
		{2FBC3276-E783-4174-BAFB-3A6A92885ECF}.Release|Any CPU.Build.0 = Release|Any CPU
		{DBFF3817-13BC-49A9-958A-D691AC3B17DA}.Debug|Any CPU.ActiveCfg = Debug|Any CPU
		{DBFF3817-13BC-49A9-958A-D691AC3B17DA}.Debug|Any CPU.Build.0 = Debug|Any CPU
		{DBFF3817-13BC-49A9-958A-D691AC3B17DA}.Release|Any CPU.ActiveCfg = Release|Any CPU
		{DBFF3817-13BC-49A9-958A-D691AC3B17DA}.Release|Any CPU.Build.0 = Release|Any CPU
		{93D52B0E-6E3B-4E8E-8252-61A8E9BF033C}.Debug|Any CPU.ActiveCfg = Debug|Any CPU
		{93D52B0E-6E3B-4E8E-8252-61A8E9BF033C}.Debug|Any CPU.Build.0 = Debug|Any CPU
		{93D52B0E-6E3B-4E8E-8252-61A8E9BF033C}.Release|Any CPU.ActiveCfg = Release|Any CPU
		{93D52B0E-6E3B-4E8E-8252-61A8E9BF033C}.Release|Any CPU.Build.0 = Release|Any CPU
		{281A4FC6-CFC3-4166-8AE4-FA86D55EFCE8}.Debug|Any CPU.ActiveCfg = Debug|Any CPU
		{281A4FC6-CFC3-4166-8AE4-FA86D55EFCE8}.Debug|Any CPU.Build.0 = Debug|Any CPU
		{281A4FC6-CFC3-4166-8AE4-FA86D55EFCE8}.Release|Any CPU.ActiveCfg = Release|Any CPU
		{281A4FC6-CFC3-4166-8AE4-FA86D55EFCE8}.Release|Any CPU.Build.0 = Release|Any CPU
		{5011593D-6CBB-4230-B2B8-1F872BBF32E2}.Debug|Any CPU.ActiveCfg = Debug|Any CPU
		{5011593D-6CBB-4230-B2B8-1F872BBF32E2}.Debug|Any CPU.Build.0 = Debug|Any CPU
		{5011593D-6CBB-4230-B2B8-1F872BBF32E2}.Release|Any CPU.ActiveCfg = Release|Any CPU
		{5011593D-6CBB-4230-B2B8-1F872BBF32E2}.Release|Any CPU.Build.0 = Release|Any CPU
		{3A0AB4C1-CAE7-406F-9978-4C847CDE9B5E}.Debug|Any CPU.ActiveCfg = Debug|Any CPU
		{3A0AB4C1-CAE7-406F-9978-4C847CDE9B5E}.Debug|Any CPU.Build.0 = Debug|Any CPU
		{3A0AB4C1-CAE7-406F-9978-4C847CDE9B5E}.Release|Any CPU.ActiveCfg = Release|Any CPU
		{3A0AB4C1-CAE7-406F-9978-4C847CDE9B5E}.Release|Any CPU.Build.0 = Release|Any CPU
		{27A1B0FA-C5EF-496D-AD86-E59892155C73}.Debug|Any CPU.ActiveCfg = Debug|Any CPU
		{27A1B0FA-C5EF-496D-AD86-E59892155C73}.Debug|Any CPU.Build.0 = Debug|Any CPU
		{27A1B0FA-C5EF-496D-AD86-E59892155C73}.Release|Any CPU.ActiveCfg = Release|Any CPU
		{27A1B0FA-C5EF-496D-AD86-E59892155C73}.Release|Any CPU.Build.0 = Release|Any CPU
		{AD72C06F-E473-4FC7-8547-B136B3522C8C}.Debug|Any CPU.ActiveCfg = Debug|Any CPU
		{AD72C06F-E473-4FC7-8547-B136B3522C8C}.Debug|Any CPU.Build.0 = Debug|Any CPU
		{AD72C06F-E473-4FC7-8547-B136B3522C8C}.Release|Any CPU.ActiveCfg = Release|Any CPU
		{AD72C06F-E473-4FC7-8547-B136B3522C8C}.Release|Any CPU.Build.0 = Release|Any CPU
		{1F492251-C7AE-4165-9774-A2D9F9B1FF56}.Debug|Any CPU.ActiveCfg = Debug|Any CPU
		{1F492251-C7AE-4165-9774-A2D9F9B1FF56}.Debug|Any CPU.Build.0 = Debug|Any CPU
		{1F492251-C7AE-4165-9774-A2D9F9B1FF56}.Release|Any CPU.ActiveCfg = Release|Any CPU
		{1F492251-C7AE-4165-9774-A2D9F9B1FF56}.Release|Any CPU.Build.0 = Release|Any CPU
	EndGlobalSection
	GlobalSection(SolutionProperties) = preSolution
		HideSolutionNode = FALSE
	EndGlobalSection
	GlobalSection(NestedProjects) = preSolution
		{EF9DBCE1-6739-44BF-AEBC-C18155222B1A} = {13B71A74-63DD-4C36-B09D-94EE002310BC}
		{6D00D8C2-0CAE-4DE9-88E2-349B47335290} = {13B71A74-63DD-4C36-B09D-94EE002310BC}
		{88366421-FF51-4EE3-AC32-59164566BB31} = {13B71A74-63DD-4C36-B09D-94EE002310BC}
		{830A0C3D-8384-4F4B-998C-6131F7A53359} = {13B71A74-63DD-4C36-B09D-94EE002310BC}
		{08864144-15CC-46A5-8F3C-A4DDB367DAF3} = {13B71A74-63DD-4C36-B09D-94EE002310BC}
		{74A75920-E8D4-4D38-BE22-321C0BA7ECC8} = {13B71A74-63DD-4C36-B09D-94EE002310BC}
		{71BD5C66-1732-44BC-954C-C933CEEFA526} = {13B71A74-63DD-4C36-B09D-94EE002310BC}
		{8862103C-9DE7-4814-A9E3-673F9EA19948} = {71BD5C66-1732-44BC-954C-C933CEEFA526}
		{4495142B-6817-453A-8BB7-1E6B12BE28D1} = {71BD5C66-1732-44BC-954C-C933CEEFA526}
		{4ADECE6D-CF6C-4C5E-8653-32607C206F12} = {4495142B-6817-453A-8BB7-1E6B12BE28D1}
		{703464A6-6175-40D5-A2B3-C2E02F402D8D} = {4495142B-6817-453A-8BB7-1E6B12BE28D1}
		{38081C52-4DD4-4CCB-8AB3-943E7BEF63A1} = {4495142B-6817-453A-8BB7-1E6B12BE28D1}
		{FA098ED9-4853-4B85-8C7C-37AE67B1C0EB} = {4495142B-6817-453A-8BB7-1E6B12BE28D1}
		{CF679DD6-51B6-44DD-9F89-79F9DEF37B88} = {4495142B-6817-453A-8BB7-1E6B12BE28D1}
		{2188A890-934D-4DC8-AE5F-33EFBAAC738B} = {4495142B-6817-453A-8BB7-1E6B12BE28D1}
		{644BE7A5-9375-4895-B4AB-1141D2C951D5} = {13B71A74-63DD-4C36-B09D-94EE002310BC}
		{D8E8EF70-3B48-4269-8693-66EBEFFD6EB8} = {644BE7A5-9375-4895-B4AB-1141D2C951D5}
		{A90FACC1-86B9-4D26-A6D0-159ADA2A0150} = {D8E8EF70-3B48-4269-8693-66EBEFFD6EB8}
		{2FBC3276-E783-4174-BAFB-3A6A92885ECF} = {D8E8EF70-3B48-4269-8693-66EBEFFD6EB8}
		{D1C616F9-3AD2-43C9-97A3-B4B71AB235D5} = {644BE7A5-9375-4895-B4AB-1141D2C951D5}
		{DBFF3817-13BC-49A9-958A-D691AC3B17DA} = {D1C616F9-3AD2-43C9-97A3-B4B71AB235D5}
		{93D52B0E-6E3B-4E8E-8252-61A8E9BF033C} = {D1C616F9-3AD2-43C9-97A3-B4B71AB235D5}
		{281A4FC6-CFC3-4166-8AE4-FA86D55EFCE8} = {D1C616F9-3AD2-43C9-97A3-B4B71AB235D5}
		{5011593D-6CBB-4230-B2B8-1F872BBF32E2} = {D1C616F9-3AD2-43C9-97A3-B4B71AB235D5}
		{3A0AB4C1-CAE7-406F-9978-4C847CDE9B5E} = {D1C616F9-3AD2-43C9-97A3-B4B71AB235D5}
		{27A1B0FA-C5EF-496D-AD86-E59892155C73} = {D1C616F9-3AD2-43C9-97A3-B4B71AB235D5}
		{9D91D478-FD63-4680-B3BB-37EDD6ABFFFD} = {644BE7A5-9375-4895-B4AB-1141D2C951D5}
		{AD72C06F-E473-4FC7-8547-B136B3522C8C} = {9D91D478-FD63-4680-B3BB-37EDD6ABFFFD}
		{1F492251-C7AE-4165-9774-A2D9F9B1FF56} = {9D91D478-FD63-4680-B3BB-37EDD6ABFFFD}
	EndGlobalSection
	GlobalSection(ExtensibilityGlobals) = postSolution
		SolutionGuid = {56A5E054-B8AF-4499-A604-42C3EAFD18C5}
	EndGlobalSection
EndGlobal
